
Microsoft Visual Studio Solution File, Format Version 12.00
# Visual Studio Version 16
VisualStudioVersion = 16.0.32602.291
MinimumVisualStudioVersion = 10.0.40219.1
Project("{FAE04EC0-301F-11D3-BF4B-00C04F79EFBC}") = "P622_I1_DamienPelaez", "P622_I1_DamienPelaez\P622_I1_DamienPelaez.csproj", "{1A7C93F7-3C19-488F-BD1B-4741D5A53ECB}"
EndProject
Global
	GlobalSection(SolutionConfigurationPlatforms) = preSolution
		Debug|Any CPU = Debug|Any CPU
		Release|Any CPU = Release|Any CPU
	EndGlobalSection
	GlobalSection(ProjectConfigurationPlatforms) = postSolution
		{1A7C93F7-3C19-488F-BD1B-4741D5A53ECB}.Debug|Any CPU.ActiveCfg = Debug|Any CPU
		{1A7C93F7-3C19-488F-BD1B-4741D5A53ECB}.Debug|Any CPU.Build.0 = Debug|Any CPU
		{1A7C93F7-3C19-488F-BD1B-4741D5A53ECB}.Release|Any CPU.ActiveCfg = Release|Any CPU
		{1A7C93F7-3C19-488F-BD1B-4741D5A53ECB}.Release|Any CPU.Build.0 = Release|Any CPU
	EndGlobalSection
	GlobalSection(SolutionProperties) = preSolution
		HideSolutionNode = FALSE
	EndGlobalSection
	GlobalSection(ExtensibilityGlobals) = postSolution
		SolutionGuid = {BC016DE1-34EB-4F7E-A137-31B809D1DB05}
	EndGlobalSection
EndGlobal
